# This file is @generated by PDM.
# It is not intended for manual editing.

[metadata]
groups = ["default"]
strategy = ["inherit_metadata"]
lock_version = "4.5.0"
content_hash = "sha256:7d846aa6a6cd8e19055f92109fc007b58ef4777ce68a30bedf80d1d2bbb07dd0"

[[metadata.targets]]
requires_python = ">=3.8"
